
Microsoft Visual Studio Solution File, Format Version 12.00
# Visual Studio Version 16
VisualStudioVersion = 16.0.31321.278
MinimumVisualStudioVersion = 10.0.40219.1
Project("{9A19103F-16F7-4668-BE54-9A1E7A4F7556}") = "01-ByteBank", "01-ByteBank\01-ByteBank.csproj", "{852293CE-0B0E-45B5-9630-DB11F578533B}"
EndProject
Project("{9A19103F-16F7-4668-BE54-9A1E7A4F7556}") = "02-ByteBank", "02-ByteBank\02-ByteBank.csproj", "{F444C64B-8157-407D-A6AC-B66E0797D38D}"
EndProject
Project("{9A19103F-16F7-4668-BE54-9A1E7A4F7556}") = "03-ByteBank", "03-ByteBank\03-ByteBank.csproj", "{E1DAAB46-342A-4694-AF36-02DC29F34F0E}"
EndProject
Project("{9A19103F-16F7-4668-BE54-9A1E7A4F7556}") = "04-ByteBank", "04-ByteBank\04-ByteBank.csproj", "{D3C79598-FCF1-4166-AFBF-80EE78F4C196}"
EndProject
Project("{9A19103F-16F7-4668-BE54-9A1E7A4F7556}") = "05-ByteBank", "05-ByteBank\05-ByteBank.csproj", "{5E612F5C-D821-4791-9F4C-6647E5E9869E}"
EndProject
Project("{FAE04EC0-301F-11D3-BF4B-00C04F79EFBC}") = "06-ByteBank", "06-ByteBank\06-ByteBank.csproj", "{F868955E-D47B-4038-A927-11CDC273C4BC}"
EndProject
Global
	GlobalSection(SolutionConfigurationPlatforms) = preSolution
		Debug|Any CPU = Debug|Any CPU
		Release|Any CPU = Release|Any CPU
	EndGlobalSection
	GlobalSection(ProjectConfigurationPlatforms) = postSolution
		{852293CE-0B0E-45B5-9630-DB11F578533B}.Debug|Any CPU.ActiveCfg = Debug|Any CPU
		{852293CE-0B0E-45B5-9630-DB11F578533B}.Debug|Any CPU.Build.0 = Debug|Any CPU
		{852293CE-0B0E-45B5-9630-DB11F578533B}.Release|Any CPU.ActiveCfg = Release|Any CPU
		{852293CE-0B0E-45B5-9630-DB11F578533B}.Release|Any CPU.Build.0 = Release|Any CPU
		{F444C64B-8157-407D-A6AC-B66E0797D38D}.Debug|Any CPU.ActiveCfg = Debug|Any CPU
		{F444C64B-8157-407D-A6AC-B66E0797D38D}.Debug|Any CPU.Build.0 = Debug|Any CPU
		{F444C64B-8157-407D-A6AC-B66E0797D38D}.Release|Any CPU.ActiveCfg = Release|Any CPU
		{F444C64B-8157-407D-A6AC-B66E0797D38D}.Release|Any CPU.Build.0 = Release|Any CPU
		{E1DAAB46-342A-4694-AF36-02DC29F34F0E}.Debug|Any CPU.ActiveCfg = Debug|Any CPU
		{E1DAAB46-342A-4694-AF36-02DC29F34F0E}.Debug|Any CPU.Build.0 = Debug|Any CPU
		{E1DAAB46-342A-4694-AF36-02DC29F34F0E}.Release|Any CPU.ActiveCfg = Release|Any CPU
		{E1DAAB46-342A-4694-AF36-02DC29F34F0E}.Release|Any CPU.Build.0 = Release|Any CPU
		{D3C79598-FCF1-4166-AFBF-80EE78F4C196}.Debug|Any CPU.ActiveCfg = Debug|Any CPU
		{D3C79598-FCF1-4166-AFBF-80EE78F4C196}.Debug|Any CPU.Build.0 = Debug|Any CPU
		{D3C79598-FCF1-4166-AFBF-80EE78F4C196}.Release|Any CPU.ActiveCfg = Release|Any CPU
		{D3C79598-FCF1-4166-AFBF-80EE78F4C196}.Release|Any CPU.Build.0 = Release|Any CPU
		{5E612F5C-D821-4791-9F4C-6647E5E9869E}.Debug|Any CPU.ActiveCfg = Debug|Any CPU
		{5E612F5C-D821-4791-9F4C-6647E5E9869E}.Debug|Any CPU.Build.0 = Debug|Any CPU
		{5E612F5C-D821-4791-9F4C-6647E5E9869E}.Release|Any CPU.ActiveCfg = Release|Any CPU
		{5E612F5C-D821-4791-9F4C-6647E5E9869E}.Release|Any CPU.Build.0 = Release|Any CPU
		{F868955E-D47B-4038-A927-11CDC273C4BC}.Debug|Any CPU.ActiveCfg = Debug|Any CPU
		{F868955E-D47B-4038-A927-11CDC273C4BC}.Debug|Any CPU.Build.0 = Debug|Any CPU
		{F868955E-D47B-4038-A927-11CDC273C4BC}.Release|Any CPU.ActiveCfg = Release|Any CPU
		{F868955E-D47B-4038-A927-11CDC273C4BC}.Release|Any CPU.Build.0 = Release|Any CPU
	EndGlobalSection
	GlobalSection(SolutionProperties) = preSolution
		HideSolutionNode = FALSE
	EndGlobalSection
	GlobalSection(ExtensibilityGlobals) = postSolution
		SolutionGuid = {396B40BD-42BA-444E-B0E7-1A677F120589}
	EndGlobalSection
EndGlobal
